// !$*UTF8*$!
{
	archiveVersion = 1;
	classes = {
	};
	objectVersion = 55;
	objects = {

/* Begin PBXBuildFile section */
		2AB4F7F5E019AE83C6CB7D41 /* Pods_FSAVDemo.framework in Frameworks */ = {isa = PBXBuildFile; fileRef = E14148EDECE7C824EACC7D64 /* Pods_FSAVDemo.framework */; };
		B21489AE2840BE4600446FD4 /* AppDelegate.m in Sources */ = {isa = PBXBuildFile; fileRef = B21489AD2840BE4600446FD4 /* AppDelegate.m */; };
		B21489B12840BE4600446FD4 /* SceneDelegate.m in Sources */ = {isa = PBXBuildFile; fileRef = B21489B02840BE4600446FD4 /* SceneDelegate.m */; };
		B21489B42840BE4600446FD4 /* FSViewController.m in Sources */ = {isa = PBXBuildFile; fileRef = B21489B32840BE4600446FD4 /* FSViewController.m */; };
		B21489B72840BE4600446FD4 /* Main.storyboard in Resources */ = {isa = PBXBuildFile; fileRef = B21489B52840BE4600446FD4 /* Main.storyboard */; };
		B21489B92840BE4700446FD4 /* Assets.xcassets in Resources */ = {isa = PBXBuildFile; fileRef = B21489B82840BE4700446FD4 /* Assets.xcassets */; };
		B21489BC2840BE4700446FD4 /* LaunchScreen.storyboard in Resources */ = {isa = PBXBuildFile; fileRef = B21489BA2840BE4700446FD4 /* LaunchScreen.storyboard */; };
		B21489BF2840BE4700446FD4 /* main.m in Sources */ = {isa = PBXBuildFile; fileRef = B21489BE2840BE4700446FD4 /* main.m */; };
		B21489EC2840D2E400446FD4 /* FSNavigationController.m in Sources */ = {isa = PBXBuildFile; fileRef = B21489EB2840D2E400446FD4 /* FSNavigationController.m */; };
		B21489FD2840D8DB00446FD4 /* FSAudioConfig.m in Sources */ = {isa = PBXBuildFile; fileRef = B21489FA2840D8DB00446FD4 /* FSAudioConfig.m */; };
		B21489FE2840D8DB00446FD4 /* FSAudioCapture.m in Sources */ = {isa = PBXBuildFile; fileRef = B21489FB2840D8DB00446FD4 /* FSAudioCapture.m */; };
		B24648C528508053001D1A6F /* FSAudioEncoder.m in Sources */ = {isa = PBXBuildFile; fileRef = B24648C428508053001D1A6F /* FSAudioEncoder.m */; };
		B24648C828508312001D1A6F /* FSAudioTools.m in Sources */ = {isa = PBXBuildFile; fileRef = B24648C728508312001D1A6F /* FSAudioTools.m */; };
		B24648DA285087BC001D1A6F /* FSBaseVC.m in Sources */ = {isa = PBXBuildFile; fileRef = B24648D9285087BC001D1A6F /* FSBaseVC.m */; };
		B2C7750028595EA400481615 /* FSMP4Muxer.m in Sources */ = {isa = PBXBuildFile; fileRef = B2C774FF28595EA400481615 /* FSMP4Muxer.m */; };
		B2C7750328595ECA00481615 /* FSMuxerConfig.m in Sources */ = {isa = PBXBuildFile; fileRef = B2C7750228595ECA00481615 /* FSMuxerConfig.m */; };
		B2C775072859625700481615 /* FSMP4Demuxer.m in Sources */ = {isa = PBXBuildFile; fileRef = B2C775062859625700481615 /* FSMP4Demuxer.m */; };
		B2C7750A2859627800481615 /* FSDemuxerConfig.m in Sources */ = {isa = PBXBuildFile; fileRef = B2C775092859627800481615 /* FSDemuxerConfig.m */; };
		B2C7750E2859630000481615 /* FSAudioDecoder.m in Sources */ = {isa = PBXBuildFile; fileRef = B2C7750D2859630000481615 /* FSAudioDecoder.m */; };
		B2C775122859642D00481615 /* FSAudioRender.m in Sources */ = {isa = PBXBuildFile; fileRef = B2C775112859642D00481615 /* FSAudioRender.m */; };
		B3EA513128892C7C002D2BB4 /* FSAVDemuxerVC.m in Sources */ = {isa = PBXBuildFile; fileRef = B3EA513028892C7C002D2BB4 /* FSAVDemuxerVC.m */; };
		B3F722B3287C038800E1CDB2 /* input.mp4 in Resources */ = {isa = PBXBuildFile; fileRef = B3F722B2287C038800E1CDB2 /* input.mp4 */; };
		B3F722B6287F984E00E1CDB2 /* FSWeakProxy.m in Sources */ = {isa = PBXBuildFile; fileRef = B3F722B5287F984E00E1CDB2 /* FSWeakProxy.m */; };
		B3F722D8287FF80200E1CDB2 /* FSAudioRenderVC.m in Sources */ = {isa = PBXBuildFile; fileRef = B3F722CB287FF80200E1CDB2 /* FSAudioRenderVC.m */; };
		B3F722D9287FF80200E1CDB2 /* FSAudioEncoderVC.m in Sources */ = {isa = PBXBuildFile; fileRef = B3F722CE287FF80200E1CDB2 /* FSAudioEncoderVC.m */; };
		B3F722DA287FF80200E1CDB2 /* FSAudioDemuxerVC.m in Sources */ = {isa = PBXBuildFile; fileRef = B3F722D0287FF80200E1CDB2 /* FSAudioDemuxerVC.m */; };
		B3F722DB287FF80200E1CDB2 /* FSAudioCaptureVC.m in Sources */ = {isa = PBXBuildFile; fileRef = B3F722D3287FF80200E1CDB2 /* FSAudioCaptureVC.m */; };
		B3F722DC287FF80200E1CDB2 /* FSAudioMuxerVC.m in Sources */ = {isa = PBXBuildFile; fileRef = B3F722D7287FF80200E1CDB2 /* FSAudioMuxerVC.m */; };
		B3F722E0287FF85A00E1CDB2 /* FSAudioDecoderVC.m in Sources */ = {isa = PBXBuildFile; fileRef = B3F722DF287FF85A00E1CDB2 /* FSAudioDecoderVC.m */; };
		B3F722EA2880086600E1CDB2 /* FSVideoCaptureVC.m in Sources */ = {isa = PBXBuildFile; fileRef = B3F722E92880086600E1CDB2 /* FSVideoCaptureVC.m */; };
		B3F722ED2880087700E1CDB2 /* FSVideoEncoderVC.m in Sources */ = {isa = PBXBuildFile; fileRef = B3F722EC2880087700E1CDB2 /* FSVideoEncoderVC.m */; };
		B3F722F02880088800E1CDB2 /* FSVideoMuxerVC.m in Sources */ = {isa = PBXBuildFile; fileRef = B3F722EF2880088800E1CDB2 /* FSVideoMuxerVC.m */; };
		B3F722F32880089600E1CDB2 /* FSVideoDemuxerVC.m in Sources */ = {isa = PBXBuildFile; fileRef = B3F722F22880089600E1CDB2 /* FSVideoDemuxerVC.m */; };
		B3F722F6288008A500E1CDB2 /* FSVideoDecoderVC.m in Sources */ = {isa = PBXBuildFile; fileRef = B3F722F5288008A500E1CDB2 /* FSVideoDecoderVC.m */; };
		B3F722F9288008B300E1CDB2 /* FSVideoRenderVC.m in Sources */ = {isa = PBXBuildFile; fileRef = B3F722F8288008B300E1CDB2 /* FSVideoRenderVC.m */; };
		B3F722FC2880091E00E1CDB2 /* FSVideoCaptureConfig.m in Sources */ = {isa = PBXBuildFile; fileRef = B3F722FB2880091E00E1CDB2 /* FSVideoCaptureConfig.m */; };
		B3F722FF288009E200E1CDB2 /* FSVideoCapture.m in Sources */ = {isa = PBXBuildFile; fileRef = B3F722FE288009E200E1CDB2 /* FSVideoCapture.m */; };
		B3F7230228810DAD00E1CDB2 /* FSVideoEncoderConfig.m in Sources */ = {isa = PBXBuildFile; fileRef = B3F7230128810DAD00E1CDB2 /* FSVideoEncoderConfig.m */; };
		B3F7230528810E1200E1CDB2 /* FSVideoEncoder.m in Sources */ = {isa = PBXBuildFile; fileRef = B3F7230428810E1200E1CDB2 /* FSVideoEncoder.m */; };
		B3F7230828811AD000E1CDB2 /* FSVideoPacketExtraData.m in Sources */ = {isa = PBXBuildFile; fileRef = B3F7230728811AD000E1CDB2 /* FSVideoPacketExtraData.m */; };
		B3F7230E2885083900E1CDB2 /* FSVideoDecoder.m in Sources */ = {isa = PBXBuildFile; fileRef = B3F7230C2885083900E1CDB2 /* FSVideoDecoder.m */; };
		B3F7231128864D9D00E1CDB2 /* FSMetalView.m in Sources */ = {isa = PBXBuildFile; fileRef = B3F7231028864D9D00E1CDB2 /* FSMetalView.m */; };
		B3F7231428864EAB00E1CDB2 /* render.metal in Sources */ = {isa = PBXBuildFile; fileRef = B3F7231328864EAB00E1CDB2 /* render.metal */; };
/* End PBXBuildFile section */

/* Begin PBXFileReference section */
		B21489A92840BE4600446FD4 /* FSAVDemo.app */ = {isa = PBXFileReference; explicitFileType = wrapper.application; includeInIndex = 0; path = FSAVDemo.app; sourceTree = BUILT_PRODUCTS_DIR; };
		B21489AC2840BE4600446FD4 /* AppDelegate.h */ = {isa = PBXFileReference; lastKnownFileType = sourcecode.c.h; path = AppDelegate.h; sourceTree = "<group>"; };
		B21489AD2840BE4600446FD4 /* AppDelegate.m */ = {isa = PBXFileReference; lastKnownFileType = sourcecode.c.objc; path = AppDelegate.m; sourceTree = "<group>"; };
		B21489AF2840BE4600446FD4 /* SceneDelegate.h */ = {isa = PBXFileReference; lastKnownFileType = sourcecode.c.h; path = SceneDelegate.h; sourceTree = "<group>"; };
		B21489B02840BE4600446FD4 /* SceneDelegate.m */ = {isa = PBXFileReference; lastKnownFileType = sourcecode.c.objc; path = SceneDelegate.m; sourceTree = "<group>"; };
		B21489B22840BE4600446FD4 /* FSViewController.h */ = {isa = PBXFileReference; lastKnownFileType = sourcecode.c.h; path = FSViewController.h; sourceTree = "<group>"; };
		B21489B32840BE4600446FD4 /* FSViewController.m */ = {isa = PBXFileReference; lastKnownFileType = sourcecode.c.objc; path = FSViewController.m; sourceTree = "<group>"; };
		B21489B62840BE4600446FD4 /* Base */ = {isa = PBXFileReference; lastKnownFileType = file.storyboard; name = Base; path = Base.lproj/Main.storyboard; sourceTree = "<group>"; };
		B21489B82840BE4700446FD4 /* Assets.xcassets */ = {isa = PBXFileReference; lastKnownFileType = folder.assetcatalog; path = Assets.xcassets; sourceTree = "<group>"; };
		B21489BB2840BE4700446FD4 /* Base */ = {isa = PBXFileReference; lastKnownFileType = file.storyboard; name = Base; path = Base.lproj/LaunchScreen.storyboard; sourceTree = "<group>"; };
		B21489BD2840BE4700446FD4 /* Info.plist */ = {isa = PBXFileReference; lastKnownFileType = text.plist.xml; path = Info.plist; sourceTree = "<group>"; };
		B21489BE2840BE4700446FD4 /* main.m */ = {isa = PBXFileReference; lastKnownFileType = sourcecode.c.objc; path = main.m; sourceTree = "<group>"; };
		B21489EA2840D2E400446FD4 /* FSNavigationController.h */ = {isa = PBXFileReference; lastKnownFileType = sourcecode.c.h; path = FSNavigationController.h; sourceTree = "<group>"; };
		B21489EB2840D2E400446FD4 /* FSNavigationController.m */ = {isa = PBXFileReference; lastKnownFileType = sourcecode.c.objc; path = FSNavigationController.m; sourceTree = "<group>"; };
		B21489F92840D8DB00446FD4 /* FSAudioCapture.h */ = {isa = PBXFileReference; fileEncoding = 4; lastKnownFileType = sourcecode.c.h; path = FSAudioCapture.h; sourceTree = "<group>"; };
		B21489FA2840D8DB00446FD4 /* FSAudioConfig.m */ = {isa = PBXFileReference; fileEncoding = 4; lastKnownFileType = sourcecode.c.objc; path = FSAudioConfig.m; sourceTree = "<group>"; };
		B21489FB2840D8DB00446FD4 /* FSAudioCapture.m */ = {isa = PBXFileReference; fileEncoding = 4; lastKnownFileType = sourcecode.c.objc; path = FSAudioCapture.m; sourceTree = "<group>"; };
		B21489FC2840D8DB00446FD4 /* FSAudioConfig.h */ = {isa = PBXFileReference; fileEncoding = 4; lastKnownFileType = sourcecode.c.h; path = FSAudioConfig.h; sourceTree = "<group>"; };
		B24648C328508053001D1A6F /* FSAudioEncoder.h */ = {isa = PBXFileReference; lastKnownFileType = sourcecode.c.h; path = FSAudioEncoder.h; sourceTree = "<group>"; };
		B24648C428508053001D1A6F /* FSAudioEncoder.m */ = {isa = PBXFileReference; lastKnownFileType = sourcecode.c.objc; path = FSAudioEncoder.m; sourceTree = "<group>"; };
		B24648C628508312001D1A6F /* FSAudioTools.h */ = {isa = PBXFileReference; lastKnownFileType = sourcecode.c.h; path = FSAudioTools.h; sourceTree = "<group>"; };
		B24648C728508312001D1A6F /* FSAudioTools.m */ = {isa = PBXFileReference; lastKnownFileType = sourcecode.c.objc; path = FSAudioTools.m; sourceTree = "<group>"; };
		B24648D8285087BC001D1A6F /* FSBaseVC.h */ = {isa = PBXFileReference; lastKnownFileType = sourcecode.c.h; path = FSBaseVC.h; sourceTree = "<group>"; };
		B24648D9285087BC001D1A6F /* FSBaseVC.m */ = {isa = PBXFileReference; lastKnownFileType = sourcecode.c.objc; path = FSBaseVC.m; sourceTree = "<group>"; };
		B2C774FE28595EA400481615 /* FSMP4Muxer.h */ = {isa = PBXFileReference; lastKnownFileType = sourcecode.c.h; path = FSMP4Muxer.h; sourceTree = "<group>"; };
		B2C774FF28595EA400481615 /* FSMP4Muxer.m */ = {isa = PBXFileReference; lastKnownFileType = sourcecode.c.objc; path = FSMP4Muxer.m; sourceTree = "<group>"; };
		B2C7750128595ECA00481615 /* FSMuxerConfig.h */ = {isa = PBXFileReference; lastKnownFileType = sourcecode.c.h; path = FSMuxerConfig.h; sourceTree = "<group>"; };
		B2C7750228595ECA00481615 /* FSMuxerConfig.m */ = {isa = PBXFileReference; lastKnownFileType = sourcecode.c.objc; path = FSMuxerConfig.m; sourceTree = "<group>"; };
		B2C775052859625700481615 /* FSMP4Demuxer.h */ = {isa = PBXFileReference; lastKnownFileType = sourcecode.c.h; path = FSMP4Demuxer.h; sourceTree = "<group>"; };
		B2C775062859625700481615 /* FSMP4Demuxer.m */ = {isa = PBXFileReference; lastKnownFileType = sourcecode.c.objc; path = FSMP4Demuxer.m; sourceTree = "<group>"; };
		B2C775082859627800481615 /* FSDemuxerConfig.h */ = {isa = PBXFileReference; lastKnownFileType = sourcecode.c.h; path = FSDemuxerConfig.h; sourceTree = "<group>"; };
		B2C775092859627800481615 /* FSDemuxerConfig.m */ = {isa = PBXFileReference; lastKnownFileType = sourcecode.c.objc; path = FSDemuxerConfig.m; sourceTree = "<group>"; };
		B2C7750C2859630000481615 /* FSAudioDecoder.h */ = {isa = PBXFileReference; lastKnownFileType = sourcecode.c.h; path = FSAudioDecoder.h; sourceTree = "<group>"; };
		B2C7750D2859630000481615 /* FSAudioDecoder.m */ = {isa = PBXFileReference; lastKnownFileType = sourcecode.c.objc; path = FSAudioDecoder.m; sourceTree = "<group>"; };
		B2C775102859642D00481615 /* FSAudioRender.h */ = {isa = PBXFileReference; lastKnownFileType = sourcecode.c.h; path = FSAudioRender.h; sourceTree = "<group>"; };
		B2C775112859642D00481615 /* FSAudioRender.m */ = {isa = PBXFileReference; lastKnownFileType = sourcecode.c.objc; path = FSAudioRender.m; sourceTree = "<group>"; };
		B2C775142859672300481615 /* FSMediaBase.h */ = {isa = PBXFileReference; lastKnownFileType = sourcecode.c.h; path = FSMediaBase.h; sourceTree = "<group>"; };
		B3EA512F28892C7C002D2BB4 /* FSAVDemuxerVC.h */ = {isa = PBXFileReference; lastKnownFileType = sourcecode.c.h; path = FSAVDemuxerVC.h; sourceTree = "<group>"; };
		B3EA513028892C7C002D2BB4 /* FSAVDemuxerVC.m */ = {isa = PBXFileReference; lastKnownFileType = sourcecode.c.objc; path = FSAVDemuxerVC.m; sourceTree = "<group>"; };
		B3F722B2287C038800E1CDB2 /* input.mp4 */ = {isa = PBXFileReference; lastKnownFileType = file; path = input.mp4; sourceTree = "<group>"; };
		B3F722B4287F984E00E1CDB2 /* FSWeakProxy.h */ = {isa = PBXFileReference; lastKnownFileType = sourcecode.c.h; path = FSWeakProxy.h; sourceTree = "<group>"; };
		B3F722B5287F984E00E1CDB2 /* FSWeakProxy.m */ = {isa = PBXFileReference; lastKnownFileType = sourcecode.c.objc; path = FSWeakProxy.m; sourceTree = "<group>"; };
		B3F722CA287FF80200E1CDB2 /* FSAudioRenderVC.h */ = {isa = PBXFileReference; fileEncoding = 4; lastKnownFileType = sourcecode.c.h; path = FSAudioRenderVC.h; sourceTree = "<group>"; };
		B3F722CB287FF80200E1CDB2 /* FSAudioRenderVC.m */ = {isa = PBXFileReference; fileEncoding = 4; lastKnownFileType = sourcecode.c.objc; path = FSAudioRenderVC.m; sourceTree = "<group>"; };
		B3F722CD287FF80200E1CDB2 /* FSAudioEncoderVC.h */ = {isa = PBXFileReference; fileEncoding = 4; lastKnownFileType = sourcecode.c.h; path = FSAudioEncoderVC.h; sourceTree = "<group>"; };
		B3F722CE287FF80200E1CDB2 /* FSAudioEncoderVC.m */ = {isa = PBXFileReference; fileEncoding = 4; lastKnownFileType = sourcecode.c.objc; path = FSAudioEncoderVC.m; sourceTree = "<group>"; };
		B3F722D0287FF80200E1CDB2 /* FSAudioDemuxerVC.m */ = {isa = PBXFileReference; fileEncoding = 4; lastKnownFileType = sourcecode.c.objc; path = FSAudioDemuxerVC.m; sourceTree = "<group>"; };
		B3F722D1287FF80200E1CDB2 /* FSAudioDemuxerVC.h */ = {isa = PBXFileReference; fileEncoding = 4; lastKnownFileType = sourcecode.c.h; path = FSAudioDemuxerVC.h; sourceTree = "<group>"; };
		B3F722D3287FF80200E1CDB2 /* FSAudioCaptureVC.m */ = {isa = PBXFileReference; fileEncoding = 4; lastKnownFileType = sourcecode.c.objc; path = FSAudioCaptureVC.m; sourceTree = "<group>"; };
		B3F722D4287FF80200E1CDB2 /* FSAudioCaptureVC.h */ = {isa = PBXFileReference; fileEncoding = 4; lastKnownFileType = sourcecode.c.h; path = FSAudioCaptureVC.h; sourceTree = "<group>"; };
		B3F722D6287FF80200E1CDB2 /* FSAudioMuxerVC.h */ = {isa = PBXFileReference; fileEncoding = 4; lastKnownFileType = sourcecode.c.h; path = FSAudioMuxerVC.h; sourceTree = "<group>"; };
		B3F722D7287FF80200E1CDB2 /* FSAudioMuxerVC.m */ = {isa = PBXFileReference; fileEncoding = 4; lastKnownFileType = sourcecode.c.objc; path = FSAudioMuxerVC.m; sourceTree = "<group>"; };
		B3F722DE287FF85A00E1CDB2 /* FSAudioDecoderVC.h */ = {isa = PBXFileReference; lastKnownFileType = sourcecode.c.h; path = FSAudioDecoderVC.h; sourceTree = "<group>"; };
		B3F722DF287FF85A00E1CDB2 /* FSAudioDecoderVC.m */ = {isa = PBXFileReference; lastKnownFileType = sourcecode.c.objc; path = FSAudioDecoderVC.m; sourceTree = "<group>"; };
		B3F722E82880086600E1CDB2 /* FSVideoCaptureVC.h */ = {isa = PBXFileReference; lastKnownFileType = sourcecode.c.h; path = FSVideoCaptureVC.h; sourceTree = "<group>"; };
		B3F722E92880086600E1CDB2 /* FSVideoCaptureVC.m */ = {isa = PBXFileReference; lastKnownFileType = sourcecode.c.objc; path = FSVideoCaptureVC.m; sourceTree = "<group>"; };
		B3F722EB2880087700E1CDB2 /* FSVideoEncoderVC.h */ = {isa = PBXFileReference; lastKnownFileType = sourcecode.c.h; path = FSVideoEncoderVC.h; sourceTree = "<group>"; };
		B3F722EC2880087700E1CDB2 /* FSVideoEncoderVC.m */ = {isa = PBXFileReference; lastKnownFileType = sourcecode.c.objc; path = FSVideoEncoderVC.m; sourceTree = "<group>"; };
		B3F722EE2880088800E1CDB2 /* FSVideoMuxerVC.h */ = {isa = PBXFileReference; lastKnownFileType = sourcecode.c.h; path = FSVideoMuxerVC.h; sourceTree = "<group>"; };
		B3F722EF2880088800E1CDB2 /* FSVideoMuxerVC.m */ = {isa = PBXFileReference; lastKnownFileType = sourcecode.c.objc; path = FSVideoMuxerVC.m; sourceTree = "<group>"; };
		B3F722F12880089600E1CDB2 /* FSVideoDemuxerVC.h */ = {isa = PBXFileReference; lastKnownFileType = sourcecode.c.h; path = FSVideoDemuxerVC.h; sourceTree = "<group>"; };
		B3F722F22880089600E1CDB2 /* FSVideoDemuxerVC.m */ = {isa = PBXFileReference; lastKnownFileType = sourcecode.c.objc; path = FSVideoDemuxerVC.m; sourceTree = "<group>"; };
		B3F722F4288008A500E1CDB2 /* FSVideoDecoderVC.h */ = {isa = PBXFileReference; lastKnownFileType = sourcecode.c.h; path = FSVideoDecoderVC.h; sourceTree = "<group>"; };
		B3F722F5288008A500E1CDB2 /* FSVideoDecoderVC.m */ = {isa = PBXFileReference; lastKnownFileType = sourcecode.c.objc; path = FSVideoDecoderVC.m; sourceTree = "<group>"; };
		B3F722F7288008B300E1CDB2 /* FSVideoRenderVC.h */ = {isa = PBXFileReference; lastKnownFileType = sourcecode.c.h; path = FSVideoRenderVC.h; sourceTree = "<group>"; };
		B3F722F8288008B300E1CDB2 /* FSVideoRenderVC.m */ = {isa = PBXFileReference; lastKnownFileType = sourcecode.c.objc; path = FSVideoRenderVC.m; sourceTree = "<group>"; };
		B3F722FA2880091E00E1CDB2 /* FSVideoCaptureConfig.h */ = {isa = PBXFileReference; lastKnownFileType = sourcecode.c.h; path = FSVideoCaptureConfig.h; sourceTree = "<group>"; };
		B3F722FB2880091E00E1CDB2 /* FSVideoCaptureConfig.m */ = {isa = PBXFileReference; lastKnownFileType = sourcecode.c.objc; path = FSVideoCaptureConfig.m; sourceTree = "<group>"; };
		B3F722FD288009E200E1CDB2 /* FSVideoCapture.h */ = {isa = PBXFileReference; lastKnownFileType = sourcecode.c.h; path = FSVideoCapture.h; sourceTree = "<group>"; };
		B3F722FE288009E200E1CDB2 /* FSVideoCapture.m */ = {isa = PBXFileReference; lastKnownFileType = sourcecode.c.objc; path = FSVideoCapture.m; sourceTree = "<group>"; };
		B3F7230028810DAD00E1CDB2 /* FSVideoEncoderConfig.h */ = {isa = PBXFileReference; lastKnownFileType = sourcecode.c.h; path = FSVideoEncoderConfig.h; sourceTree = "<group>"; };
		B3F7230128810DAD00E1CDB2 /* FSVideoEncoderConfig.m */ = {isa = PBXFileReference; lastKnownFileType = sourcecode.c.objc; path = FSVideoEncoderConfig.m; sourceTree = "<group>"; };
		B3F7230328810E1200E1CDB2 /* FSVideoEncoder.h */ = {isa = PBXFileReference; lastKnownFileType = sourcecode.c.h; path = FSVideoEncoder.h; sourceTree = "<group>"; };
		B3F7230428810E1200E1CDB2 /* FSVideoEncoder.m */ = {isa = PBXFileReference; lastKnownFileType = sourcecode.c.objc; path = FSVideoEncoder.m; sourceTree = "<group>"; };
		B3F7230628811AD000E1CDB2 /* FSVideoPacketExtraData.h */ = {isa = PBXFileReference; lastKnownFileType = sourcecode.c.h; path = FSVideoPacketExtraData.h; sourceTree = "<group>"; };
		B3F7230728811AD000E1CDB2 /* FSVideoPacketExtraData.m */ = {isa = PBXFileReference; lastKnownFileType = sourcecode.c.objc; path = FSVideoPacketExtraData.m; sourceTree = "<group>"; };
		B3F7230C2885083900E1CDB2 /* FSVideoDecoder.m */ = {isa = PBXFileReference; fileEncoding = 4; lastKnownFileType = sourcecode.c.objc; path = FSVideoDecoder.m; sourceTree = "<group>"; };
		B3F7230D2885083900E1CDB2 /* FSVideoDecoder.h */ = {isa = PBXFileReference; fileEncoding = 4; lastKnownFileType = sourcecode.c.h; path = FSVideoDecoder.h; sourceTree = "<group>"; };
		B3F7230F28864D9D00E1CDB2 /* FSMetalView.h */ = {isa = PBXFileReference; lastKnownFileType = sourcecode.c.h; path = FSMetalView.h; sourceTree = "<group>"; };
		B3F7231028864D9D00E1CDB2 /* FSMetalView.m */ = {isa = PBXFileReference; lastKnownFileType = sourcecode.c.objc; path = FSMetalView.m; sourceTree = "<group>"; };
		B3F7231228864E5900E1CDB2 /* FSShaderType.h */ = {isa = PBXFileReference; lastKnownFileType = sourcecode.c.h; path = FSShaderType.h; sourceTree = "<group>"; };
		B3F7231328864EAB00E1CDB2 /* render.metal */ = {isa = PBXFileReference; lastKnownFileType = sourcecode.metal; path = render.metal; sourceTree = "<group>"; };
		B43B142B74CD778284E7FC94 /* Pods-FSAVDemo.debug.xcconfig */ = {isa = PBXFileReference; includeInIndex = 1; lastKnownFileType = text.xcconfig; name = "Pods-FSAVDemo.debug.xcconfig"; path = "Target Support Files/Pods-FSAVDemo/Pods-FSAVDemo.debug.xcconfig"; sourceTree = "<group>"; };
		E14148EDECE7C824EACC7D64 /* Pods_FSAVDemo.framework */ = {isa = PBXFileReference; explicitFileType = wrapper.framework; includeInIndex = 0; path = Pods_FSAVDemo.framework; sourceTree = BUILT_PRODUCTS_DIR; };
		F813BB9C1E6A0785E829C839 /* Pods-FSAVDemo.release.xcconfig */ = {isa = PBXFileReference; includeInIndex = 1; lastKnownFileType = text.xcconfig; name = "Pods-FSAVDemo.release.xcconfig"; path = "Target Support Files/Pods-FSAVDemo/Pods-FSAVDemo.release.xcconfig"; sourceTree = "<group>"; };
/* End PBXFileReference section */

/* Begin PBXFrameworksBuildPhase section */
		B21489A62840BE4600446FD4 /* Frameworks */ = {
			isa = PBXFrameworksBuildPhase;
			buildActionMask = 2147483647;
			files = (
				2AB4F7F5E019AE83C6CB7D41 /* Pods_FSAVDemo.framework in Frameworks */,
			);
			runOnlyForDeploymentPostprocessing = 0;
		};
/* End PBXFrameworksBuildPhase section */

/* Begin PBXGroup section */
		59B8A9EA941BA8C315C7F4A5 /* Pods */ = {
			isa = PBXGroup;
			children = (
				B43B142B74CD778284E7FC94 /* Pods-FSAVDemo.debug.xcconfig */,
				F813BB9C1E6A0785E829C839 /* Pods-FSAVDemo.release.xcconfig */,
			);
			path = Pods;
			sourceTree = "<group>";
		};
		B21489A02840BE4600446FD4 = {
			isa = PBXGroup;
			children = (
				B21489AB2840BE4600446FD4 /* FSAVDemo */,
				B21489AA2840BE4600446FD4 /* Products */,
				59B8A9EA941BA8C315C7F4A5 /* Pods */,
				E10ECA1E5B0513F218284CF0 /* Frameworks */,
			);
			sourceTree = "<group>";
		};
		B21489AA2840BE4600446FD4 /* Products */ = {
			isa = PBXGroup;
			children = (
				B21489A92840BE4600446FD4 /* FSAVDemo.app */,
			);
			name = Products;
			sourceTree = "<group>";
		};
		B21489AB2840BE4600446FD4 /* FSAVDemo */ = {
			isa = PBXGroup;
			children = (
				B21489F82840D8DB00446FD4 /* Capture */,
				B24648C228508038001D1A6F /* Encoder */,
				B2C774FD28595E8900481615 /* Muxer */,
				B2C775042859623E00481615 /* Demuxer */,
				B2C7750B285962E700481615 /* Decoder */,
				B2C7750F2859641900481615 /* Render */,
				B21489ED2840D5D600446FD4 /* AudioDemo */,
				B3F722E1288006E200E1CDB2 /* VideoDemo */,
				B2C77513285966F700481615 /* Base */,
				B21489EA2840D2E400446FD4 /* FSNavigationController.h */,
				B21489EB2840D2E400446FD4 /* FSNavigationController.m */,
				B21489B22840BE4600446FD4 /* FSViewController.h */,
				B21489B32840BE4600446FD4 /* FSViewController.m */,
				B3F722B2287C038800E1CDB2 /* input.mp4 */,
				B21489BD2840BE4700446FD4 /* Info.plist */,
				B21489BA2840BE4700446FD4 /* LaunchScreen.storyboard */,
				B21489BE2840BE4700446FD4 /* main.m */,
				B21489B52840BE4600446FD4 /* Main.storyboard */,
				B21489B82840BE4700446FD4 /* Assets.xcassets */,
				B21489AC2840BE4600446FD4 /* AppDelegate.h */,
				B21489AD2840BE4600446FD4 /* AppDelegate.m */,
				B21489AF2840BE4600446FD4 /* SceneDelegate.h */,
				B21489B02840BE4600446FD4 /* SceneDelegate.m */,
			);
			path = FSAVDemo;
			sourceTree = "<group>";
		};
		B21489ED2840D5D600446FD4 /* AudioDemo */ = {
			isa = PBXGroup;
			children = (
				B3F722D2287FF80200E1CDB2 /* Capture */,
				B3F722CC287FF80200E1CDB2 /* Encoder */,
				B3F722D5287FF80200E1CDB2 /* Muxer */,
				B3F722CF287FF80200E1CDB2 /* Demuxer */,
				B3F722DD287FF84000E1CDB2 /* Decoder */,
				B3F722C9287FF80200E1CDB2 /* Render */,
				B24648D8285087BC001D1A6F /* FSBaseVC.h */,
				B24648D9285087BC001D1A6F /* FSBaseVC.m */,
			);
			path = AudioDemo;
			sourceTree = "<group>";
		};
		B21489F82840D8DB00446FD4 /* Capture */ = {
			isa = PBXGroup;
			children = (
				B21489F92840D8DB00446FD4 /* FSAudioCapture.h */,
				B21489FB2840D8DB00446FD4 /* FSAudioCapture.m */,
				B21489FC2840D8DB00446FD4 /* FSAudioConfig.h */,
				B21489FA2840D8DB00446FD4 /* FSAudioConfig.m */,
				B3F722FA2880091E00E1CDB2 /* FSVideoCaptureConfig.h */,
				B3F722FB2880091E00E1CDB2 /* FSVideoCaptureConfig.m */,
				B3F722FD288009E200E1CDB2 /* FSVideoCapture.h */,
				B3F722FE288009E200E1CDB2 /* FSVideoCapture.m */,
			);
			path = Capture;
			sourceTree = "<group>";
		};
		B24648C228508038001D1A6F /* Encoder */ = {
			isa = PBXGroup;
			children = (
				B24648C328508053001D1A6F /* FSAudioEncoder.h */,
				B24648C428508053001D1A6F /* FSAudioEncoder.m */,
				B24648C628508312001D1A6F /* FSAudioTools.h */,
				B24648C728508312001D1A6F /* FSAudioTools.m */,
				B3F7230028810DAD00E1CDB2 /* FSVideoEncoderConfig.h */,
				B3F7230128810DAD00E1CDB2 /* FSVideoEncoderConfig.m */,
				B3F7230328810E1200E1CDB2 /* FSVideoEncoder.h */,
				B3F7230428810E1200E1CDB2 /* FSVideoEncoder.m */,
			);
			path = Encoder;
			sourceTree = "<group>";
		};
		B2C774FD28595E8900481615 /* Muxer */ = {
			isa = PBXGroup;
			children = (
				B2C774FE28595EA400481615 /* FSMP4Muxer.h */,
				B2C774FF28595EA400481615 /* FSMP4Muxer.m */,
				B2C7750128595ECA00481615 /* FSMuxerConfig.h */,
				B2C7750228595ECA00481615 /* FSMuxerConfig.m */,
			);
			path = Muxer;
			sourceTree = "<group>";
		};
		B2C775042859623E00481615 /* Demuxer */ = {
			isa = PBXGroup;
			children = (
				B2C775052859625700481615 /* FSMP4Demuxer.h */,
				B2C775062859625700481615 /* FSMP4Demuxer.m */,
				B2C775082859627800481615 /* FSDemuxerConfig.h */,
				B2C775092859627800481615 /* FSDemuxerConfig.m */,
			);
			path = Demuxer;
			sourceTree = "<group>";
		};
		B2C7750B285962E700481615 /* Decoder */ = {
			isa = PBXGroup;
			children = (
				B2C7750C2859630000481615 /* FSAudioDecoder.h */,
				B2C7750D2859630000481615 /* FSAudioDecoder.m */,
				B3F7230D2885083900E1CDB2 /* FSVideoDecoder.h */,
				B3F7230C2885083900E1CDB2 /* FSVideoDecoder.m */,
			);
			path = Decoder;
			sourceTree = "<group>";
		};
		B2C7750F2859641900481615 /* Render */ = {
			isa = PBXGroup;
			children = (
				B2C775102859642D00481615 /* FSAudioRender.h */,
				B2C775112859642D00481615 /* FSAudioRender.m */,
				B3F7230F28864D9D00E1CDB2 /* FSMetalView.h */,
				B3F7231028864D9D00E1CDB2 /* FSMetalView.m */,
				B3F7231228864E5900E1CDB2 /* FSShaderType.h */,
				B3F7231328864EAB00E1CDB2 /* render.metal */,
			);
			path = Render;
			sourceTree = "<group>";
		};
		B2C77513285966F700481615 /* Base */ = {
			isa = PBXGroup;
			children = (
				B2C775142859672300481615 /* FSMediaBase.h */,
				B3F722B4287F984E00E1CDB2 /* FSWeakProxy.h */,
				B3F722B5287F984E00E1CDB2 /* FSWeakProxy.m */,
			);
			path = Base;
			sourceTree = "<group>";
		};
		B3F722C9287FF80200E1CDB2 /* Render */ = {
			isa = PBXGroup;
			children = (
				B3F722CA287FF80200E1CDB2 /* FSAudioRenderVC.h */,
				B3F722CB287FF80200E1CDB2 /* FSAudioRenderVC.m */,
			);
			path = Render;
			sourceTree = "<group>";
		};
		B3F722CC287FF80200E1CDB2 /* Encoder */ = {
			isa = PBXGroup;
			children = (
				B3F722CD287FF80200E1CDB2 /* FSAudioEncoderVC.h */,
				B3F722CE287FF80200E1CDB2 /* FSAudioEncoderVC.m */,
			);
			path = Encoder;
			sourceTree = "<group>";
		};
		B3F722CF287FF80200E1CDB2 /* Demuxer */ = {
			isa = PBXGroup;
			children = (
				B3F722D1287FF80200E1CDB2 /* FSAudioDemuxerVC.h */,
				B3F722D0287FF80200E1CDB2 /* FSAudioDemuxerVC.m */,
			);
			path = Demuxer;
			sourceTree = "<group>";
		};
		B3F722D2287FF80200E1CDB2 /* Capture */ = {
			isa = PBXGroup;
			children = (
				B3F722D4287FF80200E1CDB2 /* FSAudioCaptureVC.h */,
				B3F722D3287FF80200E1CDB2 /* FSAudioCaptureVC.m */,
			);
			path = Capture;
			sourceTree = "<group>";
		};
		B3F722D5287FF80200E1CDB2 /* Muxer */ = {
			isa = PBXGroup;
			children = (
				B3F722D6287FF80200E1CDB2 /* FSAudioMuxerVC.h */,
				B3F722D7287FF80200E1CDB2 /* FSAudioMuxerVC.m */,
			);
			path = Muxer;
			sourceTree = "<group>";
		};
		B3F722DD287FF84000E1CDB2 /* Decoder */ = {
			isa = PBXGroup;
			children = (
				B3F722DE287FF85A00E1CDB2 /* FSAudioDecoderVC.h */,
				B3F722DF287FF85A00E1CDB2 /* FSAudioDecoderVC.m */,
			);
			path = Decoder;
			sourceTree = "<group>";
		};
		B3F722E1288006E200E1CDB2 /* VideoDemo */ = {
			isa = PBXGroup;
			children = (
				B3F722E6288007CE00E1CDB2 /* Capture */,
				B3F722E4288007CE00E1CDB2 /* Encoder */,
				B3F722E3288007CE00E1CDB2 /* Muxer */,
				B3F722E5288007CE00E1CDB2 /* Demuxer */,
				B3F722E7288007CE00E1CDB2 /* Decoder */,
				B3F722E2288007CE00E1CDB2 /* Render */,
				B3F7230628811AD000E1CDB2 /* FSVideoPacketExtraData.h */,
				B3F7230728811AD000E1CDB2 /* FSVideoPacketExtraData.m */,
			);
			path = VideoDemo;
			sourceTree = "<group>";
		};
		B3F722E2288007CE00E1CDB2 /* Render */ = {
			isa = PBXGroup;
			children = (
				B3F722F7288008B300E1CDB2 /* FSVideoRenderVC.h */,
				B3F722F8288008B300E1CDB2 /* FSVideoRenderVC.m */,
			);
			path = Render;
			sourceTree = "<group>";
		};
		B3F722E3288007CE00E1CDB2 /* Muxer */ = {
			isa = PBXGroup;
			children = (
				B3F722EE2880088800E1CDB2 /* FSVideoMuxerVC.h */,
				B3F722EF2880088800E1CDB2 /* FSVideoMuxerVC.m */,
				B3EA512F28892C7C002D2BB4 /* FSAVDemuxerVC.h */,
				B3EA513028892C7C002D2BB4 /* FSAVDemuxerVC.m */,
			);
			path = Muxer;
			sourceTree = "<group>";
		};
		B3F722E4288007CE00E1CDB2 /* Encoder */ = {
			isa = PBXGroup;
			children = (
				B3F722EB2880087700E1CDB2 /* FSVideoEncoderVC.h */,
				B3F722EC2880087700E1CDB2 /* FSVideoEncoderVC.m */,
			);
			path = Encoder;
			sourceTree = "<group>";
		};
		B3F722E5288007CE00E1CDB2 /* Demuxer */ = {
			isa = PBXGroup;
			children = (
				B3F722F12880089600E1CDB2 /* FSVideoDemuxerVC.h */,
				B3F722F22880089600E1CDB2 /* FSVideoDemuxerVC.m */,
			);
			path = Demuxer;
			sourceTree = "<group>";
		};
		B3F722E6288007CE00E1CDB2 /* Capture */ = {
			isa = PBXGroup;
			children = (
				B3F722E82880086600E1CDB2 /* FSVideoCaptureVC.h */,
				B3F722E92880086600E1CDB2 /* FSVideoCaptureVC.m */,
			);
			path = Capture;
			sourceTree = "<group>";
		};
		B3F722E7288007CE00E1CDB2 /* Decoder */ = {
			isa = PBXGroup;
			children = (
				B3F722F4288008A500E1CDB2 /* FSVideoDecoderVC.h */,
				B3F722F5288008A500E1CDB2 /* FSVideoDecoderVC.m */,
			);
			path = Decoder;
			sourceTree = "<group>";
		};
		E10ECA1E5B0513F218284CF0 /* Frameworks */ = {
			isa = PBXGroup;
			children = (
				E14148EDECE7C824EACC7D64 /* Pods_FSAVDemo.framework */,
			);
			name = Frameworks;
			sourceTree = "<group>";
		};
/* End PBXGroup section */

/* Begin PBXNativeTarget section */
		B21489A82840BE4600446FD4 /* FSAVDemo */ = {
			isa = PBXNativeTarget;
			buildConfigurationList = B21489C22840BE4700446FD4 /* Build configuration list for PBXNativeTarget "FSAVDemo" */;
			buildPhases = (
				4C3001FFDC7259074DEF15BC /* [CP] Check Pods Manifest.lock */,
				B21489A52840BE4600446FD4 /* Sources */,
				B21489A62840BE4600446FD4 /* Frameworks */,
				B21489A72840BE4600446FD4 /* Resources */,
				F3202F9B3E0ED30E8FAA8CA4 /* [CP] Embed Pods Frameworks */,
			);
			buildRules = (
			);
			dependencies = (
			);
			name = FSAVDemo;
			productName = FSAVDemo;
			productReference = B21489A92840BE4600446FD4 /* FSAVDemo.app */;
			productType = "com.apple.product-type.application";
		};
/* End PBXNativeTarget section */

/* Begin PBXProject section */
		B21489A12840BE4600446FD4 /* Project object */ = {
			isa = PBXProject;
			attributes = {
				BuildIndependentTargetsInParallel = 1;
				LastUpgradeCheck = 1340;
				TargetAttributes = {
					B21489A82840BE4600446FD4 = {
						CreatedOnToolsVersion = 13.4;
					};
				};
			};
			buildConfigurationList = B21489A42840BE4600446FD4 /* Build configuration list for PBXProject "FSAVDemo" */;
			compatibilityVersion = "Xcode 13.0";
			developmentRegion = en;
			hasScannedForEncodings = 0;
			knownRegions = (
				en,
				Base,
			);
			mainGroup = B21489A02840BE4600446FD4;
			productRefGroup = B21489AA2840BE4600446FD4 /* Products */;
			projectDirPath = "";
			projectRoot = "";
			targets = (
				B21489A82840BE4600446FD4 /* FSAVDemo */,
			);
		};
/* End PBXProject section */

/* Begin PBXResourcesBuildPhase section */
		B21489A72840BE4600446FD4 /* Resources */ = {
			isa = PBXResourcesBuildPhase;
			buildActionMask = 2147483647;
			files = (
				B3F722B3287C038800E1CDB2 /* input.mp4 in Resources */,
				B21489BC2840BE4700446FD4 /* LaunchScreen.storyboard in Resources */,
				B21489B92840BE4700446FD4 /* Assets.xcassets in Resources */,
				B21489B72840BE4600446FD4 /* Main.storyboard in Resources */,
			);
			runOnlyForDeploymentPostprocessing = 0;
		};
/* End PBXResourcesBuildPhase section */

/* Begin PBXShellScriptBuildPhase section */
		4C3001FFDC7259074DEF15BC /* [CP] Check Pods Manifest.lock */ = {
			isa = PBXShellScriptBuildPhase;
			buildActionMask = 2147483647;
			files = (
			);
			inputFileListPaths = (
			);
			inputPaths = (
				"${PODS_PODFILE_DIR_PATH}/Podfile.lock",
				"${PODS_ROOT}/Manifest.lock",
			);
			name = "[CP] Check Pods Manifest.lock";
			outputFileListPaths = (
			);
			outputPaths = (
				"$(DERIVED_FILE_DIR)/Pods-FSAVDemo-checkManifestLockResult.txt",
			);
			runOnlyForDeploymentPostprocessing = 0;
			shellPath = /bin/sh;
			shellScript = "diff \"${PODS_PODFILE_DIR_PATH}/Podfile.lock\" \"${PODS_ROOT}/Manifest.lock\" > /dev/null\nif [ $? != 0 ] ; then\n    # print error to STDERR\n    echo \"error: The sandbox is not in sync with the Podfile.lock. Run 'pod install' or update your CocoaPods installation.\" >&2\n    exit 1\nfi\n# This output is used by Xcode 'outputs' to avoid re-running this script phase.\necho \"SUCCESS\" > \"${SCRIPT_OUTPUT_FILE_0}\"\n";
			showEnvVarsInLog = 0;
		};
		F3202F9B3E0ED30E8FAA8CA4 /* [CP] Embed Pods Frameworks */ = {
			isa = PBXShellScriptBuildPhase;
			buildActionMask = 2147483647;
			files = (
			);
			inputFileListPaths = (
				"${PODS_ROOT}/Target Support Files/Pods-FSAVDemo/Pods-FSAVDemo-frameworks-${CONFIGURATION}-input-files.xcfilelist",
			);
			name = "[CP] Embed Pods Frameworks";
			outputFileListPaths = (
				"${PODS_ROOT}/Target Support Files/Pods-FSAVDemo/Pods-FSAVDemo-frameworks-${CONFIGURATION}-output-files.xcfilelist",
			);
			runOnlyForDeploymentPostprocessing = 0;
			shellPath = /bin/sh;
			shellScript = "\"${PODS_ROOT}/Target Support Files/Pods-FSAVDemo/Pods-FSAVDemo-frameworks.sh\"\n";
			showEnvVarsInLog = 0;
		};
/* End PBXShellScriptBuildPhase section */

/* Begin PBXSourcesBuildPhase section */
		B21489A52840BE4600446FD4 /* Sources */ = {
			isa = PBXSourcesBuildPhase;
			buildActionMask = 2147483647;
			files = (
				B3F722E0287FF85A00E1CDB2 /* FSAudioDecoderVC.m in Sources */,
				B2C7750028595EA400481615 /* FSMP4Muxer.m in Sources */,
				B3F722F9288008B300E1CDB2 /* FSVideoRenderVC.m in Sources */,
				B3F7230828811AD000E1CDB2 /* FSVideoPacketExtraData.m in Sources */,
				B3F722F32880089600E1CDB2 /* FSVideoDemuxerVC.m in Sources */,
				B3F722DB287FF80200E1CDB2 /* FSAudioCaptureVC.m in Sources */,
				B3F722DA287FF80200E1CDB2 /* FSAudioDemuxerVC.m in Sources */,
				B3EA513128892C7C002D2BB4 /* FSAVDemuxerVC.m in Sources */,
				B21489B42840BE4600446FD4 /* FSViewController.m in Sources */,
				B2C7750E2859630000481615 /* FSAudioDecoder.m in Sources */,
				B3F722ED2880087700E1CDB2 /* FSVideoEncoderVC.m in Sources */,
				B21489FE2840D8DB00446FD4 /* FSAudioCapture.m in Sources */,
				B3F722EA2880086600E1CDB2 /* FSVideoCaptureVC.m in Sources */,
				B2C775122859642D00481615 /* FSAudioRender.m in Sources */,
				B3F722F6288008A500E1CDB2 /* FSVideoDecoderVC.m in Sources */,
				B3F722DC287FF80200E1CDB2 /* FSAudioMuxerVC.m in Sources */,
				B3F7231128864D9D00E1CDB2 /* FSMetalView.m in Sources */,
				B3F722FF288009E200E1CDB2 /* FSVideoCapture.m in Sources */,
				B24648C828508312001D1A6F /* FSAudioTools.m in Sources */,
				B2C7750A2859627800481615 /* FSDemuxerConfig.m in Sources */,
				B3F722D8287FF80200E1CDB2 /* FSAudioRenderVC.m in Sources */,
				B3F7231428864EAB00E1CDB2 /* render.metal in Sources */,
				B21489EC2840D2E400446FD4 /* FSNavigationController.m in Sources */,
				B21489FD2840D8DB00446FD4 /* FSAudioConfig.m in Sources */,
				B24648C528508053001D1A6F /* FSAudioEncoder.m in Sources */,
				B2C7750328595ECA00481615 /* FSMuxerConfig.m in Sources */,
				B2C775072859625700481615 /* FSMP4Demuxer.m in Sources */,
				B3F7230228810DAD00E1CDB2 /* FSVideoEncoderConfig.m in Sources */,
				B3F722B6287F984E00E1CDB2 /* FSWeakProxy.m in Sources */,
				B21489AE2840BE4600446FD4 /* AppDelegate.m in Sources */,
				B3F7230528810E1200E1CDB2 /* FSVideoEncoder.m in Sources */,
				B3F7230E2885083900E1CDB2 /* FSVideoDecoder.m in Sources */,
				B3F722D9287FF80200E1CDB2 /* FSAudioEncoderVC.m in Sources */,
				B21489BF2840BE4700446FD4 /* main.m in Sources */,
				B3F722F02880088800E1CDB2 /* FSVideoMuxerVC.m in Sources */,
				B3F722FC2880091E00E1CDB2 /* FSVideoCaptureConfig.m in Sources */,
				B24648DA285087BC001D1A6F /* FSBaseVC.m in Sources */,
				B21489B12840BE4600446FD4 /* SceneDelegate.m in Sources */,
			);
			runOnlyForDeploymentPostprocessing = 0;
		};
/* End PBXSourcesBuildPhase section */

/* Begin PBXVariantGroup section */
		B21489B52840BE4600446FD4 /* Main.storyboard */ = {
			isa = PBXVariantGroup;
			children = (
				B21489B62840BE4600446FD4 /* Base */,
			);
			name = Main.storyboard;
			sourceTree = "<group>";
		};
		B21489BA2840BE4700446FD4 /* LaunchScreen.storyboard */ = {
			isa = PBXVariantGroup;
			children = (
				B21489BB2840BE4700446FD4 /* Base */,
			);
			name = LaunchScreen.storyboard;
			sourceTree = "<group>";
		};
/* End PBXVariantGroup section */

/* Begin XCBuildConfiguration section */
		B21489C02840BE4700446FD4 /* Debug */ = {
			isa = XCBuildConfiguration;
			buildSettings = {
				ALWAYS_SEARCH_USER_PATHS = NO;
				CLANG_ANALYZER_NONNULL = YES;
				CLANG_ANALYZER_NUMBER_OBJECT_CONVERSION = YES_AGGRESSIVE;
				CLANG_CXX_LANGUAGE_STANDARD = "gnu++17";
				CLANG_ENABLE_MODULES = YES;
				CLANG_ENABLE_OBJC_ARC = YES;
				CLANG_ENABLE_OBJC_WEAK = YES;
				CLANG_WARN_BLOCK_CAPTURE_AUTORELEASING = YES;
				CLANG_WARN_BOOL_CONVERSION = YES;
				CLANG_WARN_COMMA = YES;
				CLANG_WARN_CONSTANT_CONVERSION = YES;
				CLANG_WARN_DEPRECATED_OBJC_IMPLEMENTATIONS = YES;
				CLANG_WARN_DIRECT_OBJC_ISA_USAGE = YES_ERROR;
				CLANG_WARN_DOCUMENTATION_COMMENTS = YES;
				CLANG_WARN_EMPTY_BODY = YES;
				CLANG_WARN_ENUM_CONVERSION = YES;
				CLANG_WARN_INFINITE_RECURSION = YES;
				CLANG_WARN_INT_CONVERSION = YES;
				CLANG_WARN_NON_LITERAL_NULL_CONVERSION = YES;
				CLANG_WARN_OBJC_IMPLICIT_RETAIN_SELF = YES;
				CLANG_WARN_OBJC_LITERAL_CONVERSION = YES;
				CLANG_WARN_OBJC_ROOT_CLASS = YES_ERROR;
				CLANG_WARN_QUOTED_INCLUDE_IN_FRAMEWORK_HEADER = YES;
				CLANG_WARN_RANGE_LOOP_ANALYSIS = YES;
				CLANG_WARN_STRICT_PROTOTYPES = YES;
				CLANG_WARN_SUSPICIOUS_MOVE = YES;
				CLANG_WARN_UNGUARDED_AVAILABILITY = YES_AGGRESSIVE;
				CLANG_WARN_UNREACHABLE_CODE = YES;
				CLANG_WARN__DUPLICATE_METHOD_MATCH = YES;
				COPY_PHASE_STRIP = NO;
				DEBUG_INFORMATION_FORMAT = dwarf;
				ENABLE_STRICT_OBJC_MSGSEND = YES;
				ENABLE_TESTABILITY = YES;
				GCC_C_LANGUAGE_STANDARD = gnu11;
				GCC_DYNAMIC_NO_PIC = NO;
				GCC_NO_COMMON_BLOCKS = YES;
				GCC_OPTIMIZATION_LEVEL = 0;
				GCC_PREPROCESSOR_DEFINITIONS = (
					"DEBUG=1",
					"$(inherited)",
				);
				GCC_WARN_64_TO_32_BIT_CONVERSION = YES;
				GCC_WARN_ABOUT_RETURN_TYPE = YES_ERROR;
				GCC_WARN_UNDECLARED_SELECTOR = YES;
				GCC_WARN_UNINITIALIZED_AUTOS = YES_AGGRESSIVE;
				GCC_WARN_UNUSED_FUNCTION = YES;
				GCC_WARN_UNUSED_VARIABLE = YES;
				IPHONEOS_DEPLOYMENT_TARGET = 13.0;
				MTL_ENABLE_DEBUG_INFO = INCLUDE_SOURCE;
				MTL_FAST_MATH = YES;
				ONLY_ACTIVE_ARCH = YES;
				SDKROOT = iphoneos;
			};
			name = Debug;
		};
		B21489C12840BE4700446FD4 /* Release */ = {
			isa = XCBuildConfiguration;
			buildSettings = {
				ALWAYS_SEARCH_USER_PATHS = NO;
				CLANG_ANALYZER_NONNULL = YES;
				CLANG_ANALYZER_NUMBER_OBJECT_CONVERSION = YES_AGGRESSIVE;
				CLANG_CXX_LANGUAGE_STANDARD = "gnu++17";
				CLANG_ENABLE_MODULES = YES;
				CLANG_ENABLE_OBJC_ARC = YES;
				CLANG_ENABLE_OBJC_WEAK = YES;
				CLANG_WARN_BLOCK_CAPTURE_AUTORELEASING = YES;
				CLANG_WARN_BOOL_CONVERSION = YES;
				CLANG_WARN_COMMA = YES;
				CLANG_WARN_CONSTANT_CONVERSION = YES;
				CLANG_WARN_DEPRECATED_OBJC_IMPLEMENTATIONS = YES;
				CLANG_WARN_DIRECT_OBJC_ISA_USAGE = YES_ERROR;
				CLANG_WARN_DOCUMENTATION_COMMENTS = YES;
				CLANG_WARN_EMPTY_BODY = YES;
				CLANG_WARN_ENUM_CONVERSION = YES;
				CLANG_WARN_INFINITE_RECURSION = YES;
				CLANG_WARN_INT_CONVERSION = YES;
				CLANG_WARN_NON_LITERAL_NULL_CONVERSION = YES;
				CLANG_WARN_OBJC_IMPLICIT_RETAIN_SELF = YES;
				CLANG_WARN_OBJC_LITERAL_CONVERSION = YES;
				CLANG_WARN_OBJC_ROOT_CLASS = YES_ERROR;
				CLANG_WARN_QUOTED_INCLUDE_IN_FRAMEWORK_HEADER = YES;
				CLANG_WARN_RANGE_LOOP_ANALYSIS = YES;
				CLANG_WARN_STRICT_PROTOTYPES = YES;
				CLANG_WARN_SUSPICIOUS_MOVE = YES;
				CLANG_WARN_UNGUARDED_AVAILABILITY = YES_AGGRESSIVE;
				CLANG_WARN_UNREACHABLE_CODE = YES;
				CLANG_WARN__DUPLICATE_METHOD_MATCH = YES;
				COPY_PHASE_STRIP = NO;
				DEBUG_INFORMATION_FORMAT = "dwarf-with-dsym";
				ENABLE_NS_ASSERTIONS = NO;
				ENABLE_STRICT_OBJC_MSGSEND = YES;
				GCC_C_LANGUAGE_STANDARD = gnu11;
				GCC_NO_COMMON_BLOCKS = YES;
				GCC_WARN_64_TO_32_BIT_CONVERSION = YES;
				GCC_WARN_ABOUT_RETURN_TYPE = YES_ERROR;
				GCC_WARN_UNDECLARED_SELECTOR = YES;
				GCC_WARN_UNINITIALIZED_AUTOS = YES_AGGRESSIVE;
				GCC_WARN_UNUSED_FUNCTION = YES;
				GCC_WARN_UNUSED_VARIABLE = YES;
				IPHONEOS_DEPLOYMENT_TARGET = 13.0;
				MTL_ENABLE_DEBUG_INFO = NO;
				MTL_FAST_MATH = YES;
				SDKROOT = iphoneos;
				VALIDATE_PRODUCT = YES;
			};
			name = Release;
		};
		B21489C32840BE4700446FD4 /* Debug */ = {
			isa = XCBuildConfiguration;
			baseConfigurationReference = B43B142B74CD778284E7FC94 /* Pods-FSAVDemo.debug.xcconfig */;
			buildSettings = {
				ASSETCATALOG_COMPILER_APPICON_NAME = AppIcon;
				ASSETCATALOG_COMPILER_GLOBAL_ACCENT_COLOR_NAME = AccentColor;
				CODE_SIGN_STYLE = Automatic;
				CURRENT_PROJECT_VERSION = 1;
				DEVELOPMENT_TEAM = J9QNPWJA7V;
				GENERATE_INFOPLIST_FILE = YES;
				INFOPLIST_FILE = FSAVDemo/Info.plist;
				INFOPLIST_KEY_UIApplicationSupportsIndirectInputEvents = YES;
				INFOPLIST_KEY_UILaunchStoryboardName = LaunchScreen;
				INFOPLIST_KEY_UIMainStoryboardFile = Main;
				INFOPLIST_KEY_UISupportedInterfaceOrientations_iPad = "UIInterfaceOrientationPortrait UIInterfaceOrientationPortraitUpsideDown UIInterfaceOrientationLandscapeLeft UIInterfaceOrientationLandscapeRight";
				INFOPLIST_KEY_UISupportedInterfaceOrientations_iPhone = "UIInterfaceOrientationPortrait UIInterfaceOrientationLandscapeLeft UIInterfaceOrientationLandscapeRight";
				LD_RUNPATH_SEARCH_PATHS = (
					"$(inherited)",
					"@executable_path/Frameworks",
				);
				MARKETING_VERSION = 1.0;
				PRODUCT_BUNDLE_IDENTIFIER = com.fengshuo.FSAVDemo;
				PRODUCT_NAME = "$(TARGET_NAME)";
				SWIFT_EMIT_LOC_STRINGS = YES;
				TARGETED_DEVICE_FAMILY = "1,2";
			};
			name = Debug;
		};
		B21489C42840BE4700446FD4 /* Release */ = {
			isa = XCBuildConfiguration;
			baseConfigurationReference = F813BB9C1E6A0785E829C839 /* Pods-FSAVDemo.release.xcconfig */;
			buildSettings = {
				ASSETCATALOG_COMPILER_APPICON_NAME = AppIcon;
				ASSETCATALOG_COMPILER_GLOBAL_ACCENT_COLOR_NAME = AccentColor;
				CODE_SIGN_STYLE = Automatic;
				CURRENT_PROJECT_VERSION = 1;
				DEVELOPMENT_TEAM = J9QNPWJA7V;
				GENERATE_INFOPLIST_FILE = YES;
				INFOPLIST_FILE = FSAVDemo/Info.plist;
				INFOPLIST_KEY_UIApplicationSupportsIndirectInputEvents = YES;
				INFOPLIST_KEY_UILaunchStoryboardName = LaunchScreen;
				INFOPLIST_KEY_UIMainStoryboardFile = Main;
				INFOPLIST_KEY_UISupportedInterfaceOrientations_iPad = "UIInterfaceOrientationPortrait UIInterfaceOrientationPortraitUpsideDown UIInterfaceOrientationLandscapeLeft UIInterfaceOrientationLandscapeRight";
				INFOPLIST_KEY_UISupportedInterfaceOrientations_iPhone = "UIInterfaceOrientationPortrait UIInterfaceOrientationLandscapeLeft UIInterfaceOrientationLandscapeRight";
				LD_RUNPATH_SEARCH_PATHS = (
					"$(inherited)",
					"@executable_path/Frameworks",
				);
				MARKETING_VERSION = 1.0;
				PRODUCT_BUNDLE_IDENTIFIER = com.fengshuo.FSAVDemo;
				PRODUCT_NAME = "$(TARGET_NAME)";
				SWIFT_EMIT_LOC_STRINGS = YES;
				TARGETED_DEVICE_FAMILY = "1,2";
			};
			name = Release;
		};
/* End XCBuildConfiguration section */

/* Begin XCConfigurationList section */
		B21489A42840BE4600446FD4 /* Build configuration list for PBXProject "FSAVDemo" */ = {
			isa = XCConfigurationList;
			buildConfigurations = (
				B21489C02840BE4700446FD4 /* Debug */,
				B21489C12840BE4700446FD4 /* Release */,
			);
			defaultConfigurationIsVisible = 0;
			defaultConfigurationName = Release;
		};
		B21489C22840BE4700446FD4 /* Build configuration list for PBXNativeTarget "FSAVDemo" */ = {
			isa = XCConfigurationList;
			buildConfigurations = (
				B21489C32840BE4700446FD4 /* Debug */,
				B21489C42840BE4700446FD4 /* Release */,
			);
			defaultConfigurationIsVisible = 0;
			defaultConfigurationName = Release;
		};
/* End XCConfigurationList section */
	};
	rootObject = B21489A12840BE4600446FD4 /* Project object */;
}
