// !$*UTF8*$!
{
	archiveVersion = 1;
	classes = {
	};
	objectVersion = 55;
	objects = {

/* Begin PBXBuildFile section */
		2AB4F7F5E019AE83C6CB7D41 /* Pods_FSAVDemo.framework in Frameworks */ = {isa = PBXBuildFile; fileRef = E14148EDECE7C824EACC7D64 /* Pods_FSAVDemo.framework */; };
		B21489AE2840BE4600446FD4 /* AppDelegate.m in Sources */ = {isa = PBXBuildFile; fileRef = B21489AD2840BE4600446FD4 /* AppDelegate.m */; };
		B21489B12840BE4600446FD4 /* SceneDelegate.m in Sources */ = {isa = PBXBuildFile; fileRef = B21489B02840BE4600446FD4 /* SceneDelegate.m */; };
		B21489B42840BE4600446FD4 /* FSViewController.m in Sources */ = {isa = PBXBuildFile; fileRef = B21489B32840BE4600446FD4 /* FSViewController.m */; };
		B21489B72840BE4600446FD4 /* Main.storyboard in Resources */ = {isa = PBXBuildFile; fileRef = B21489B52840BE4600446FD4 /* Main.storyboard */; };
		B21489B92840BE4700446FD4 /* Assets.xcassets in Resources */ = {isa = PBXBuildFile; fileRef = B21489B82840BE4700446FD4 /* Assets.xcassets */; };
		B21489BC2840BE4700446FD4 /* LaunchScreen.storyboard in Resources */ = {isa = PBXBuildFile; fileRef = B21489BA2840BE4700446FD4 /* LaunchScreen.storyboard */; };
		B21489BF2840BE4700446FD4 /* main.m in Sources */ = {isa = PBXBuildFile; fileRef = B21489BE2840BE4700446FD4 /* main.m */; };
		B21489EC2840D2E400446FD4 /* FSNavigationController.m in Sources */ = {isa = PBXBuildFile; fileRef = B21489EB2840D2E400446FD4 /* FSNavigationController.m */; };
		B21489F02840D5F000446FD4 /* FSAudioCaptureVC.m in Sources */ = {isa = PBXBuildFile; fileRef = B21489EF2840D5F000446FD4 /* FSAudioCaptureVC.m */; };
		B21489FD2840D8DB00446FD4 /* FSAudioConfig.m in Sources */ = {isa = PBXBuildFile; fileRef = B21489FA2840D8DB00446FD4 /* FSAudioConfig.m */; };
		B21489FE2840D8DB00446FD4 /* FSAudioCapture.m in Sources */ = {isa = PBXBuildFile; fileRef = B21489FB2840D8DB00446FD4 /* FSAudioCapture.m */; };
/* End PBXBuildFile section */

/* Begin PBXFileReference section */
		B21489A92840BE4600446FD4 /* FSAVDemo.app */ = {isa = PBXFileReference; explicitFileType = wrapper.application; includeInIndex = 0; path = FSAVDemo.app; sourceTree = BUILT_PRODUCTS_DIR; };
		B21489AC2840BE4600446FD4 /* AppDelegate.h */ = {isa = PBXFileReference; lastKnownFileType = sourcecode.c.h; path = AppDelegate.h; sourceTree = "<group>"; };
		B21489AD2840BE4600446FD4 /* AppDelegate.m */ = {isa = PBXFileReference; lastKnownFileType = sourcecode.c.objc; path = AppDelegate.m; sourceTree = "<group>"; };
		B21489AF2840BE4600446FD4 /* SceneDelegate.h */ = {isa = PBXFileReference; lastKnownFileType = sourcecode.c.h; path = SceneDelegate.h; sourceTree = "<group>"; };
		B21489B02840BE4600446FD4 /* SceneDelegate.m */ = {isa = PBXFileReference; lastKnownFileType = sourcecode.c.objc; path = SceneDelegate.m; sourceTree = "<group>"; };
		B21489B22840BE4600446FD4 /* FSViewController.h */ = {isa = PBXFileReference; lastKnownFileType = sourcecode.c.h; path = FSViewController.h; sourceTree = "<group>"; };
		B21489B32840BE4600446FD4 /* FSViewController.m */ = {isa = PBXFileReference; lastKnownFileType = sourcecode.c.objc; path = FSViewController.m; sourceTree = "<group>"; };
		B21489B62840BE4600446FD4 /* Base */ = {isa = PBXFileReference; lastKnownFileType = file.storyboard; name = Base; path = Base.lproj/Main.storyboard; sourceTree = "<group>"; };
		B21489B82840BE4700446FD4 /* Assets.xcassets */ = {isa = PBXFileReference; lastKnownFileType = folder.assetcatalog; path = Assets.xcassets; sourceTree = "<group>"; };
		B21489BB2840BE4700446FD4 /* Base */ = {isa = PBXFileReference; lastKnownFileType = file.storyboard; name = Base; path = Base.lproj/LaunchScreen.storyboard; sourceTree = "<group>"; };
		B21489BD2840BE4700446FD4 /* Info.plist */ = {isa = PBXFileReference; lastKnownFileType = text.plist.xml; path = Info.plist; sourceTree = "<group>"; };
		B21489BE2840BE4700446FD4 /* main.m */ = {isa = PBXFileReference; lastKnownFileType = sourcecode.c.objc; path = main.m; sourceTree = "<group>"; };
		B21489EA2840D2E400446FD4 /* FSNavigationController.h */ = {isa = PBXFileReference; lastKnownFileType = sourcecode.c.h; path = FSNavigationController.h; sourceTree = "<group>"; };
		B21489EB2840D2E400446FD4 /* FSNavigationController.m */ = {isa = PBXFileReference; lastKnownFileType = sourcecode.c.objc; path = FSNavigationController.m; sourceTree = "<group>"; };
		B21489EE2840D5F000446FD4 /* FSAudioCaptureVC.h */ = {isa = PBXFileReference; lastKnownFileType = sourcecode.c.h; path = FSAudioCaptureVC.h; sourceTree = "<group>"; };
		B21489EF2840D5F000446FD4 /* FSAudioCaptureVC.m */ = {isa = PBXFileReference; lastKnownFileType = sourcecode.c.objc; path = FSAudioCaptureVC.m; sourceTree = "<group>"; };
		B21489F92840D8DB00446FD4 /* FSAudioCapture.h */ = {isa = PBXFileReference; fileEncoding = 4; lastKnownFileType = sourcecode.c.h; path = FSAudioCapture.h; sourceTree = "<group>"; };
		B21489FA2840D8DB00446FD4 /* FSAudioConfig.m */ = {isa = PBXFileReference; fileEncoding = 4; lastKnownFileType = sourcecode.c.objc; path = FSAudioConfig.m; sourceTree = "<group>"; };
		B21489FB2840D8DB00446FD4 /* FSAudioCapture.m */ = {isa = PBXFileReference; fileEncoding = 4; lastKnownFileType = sourcecode.c.objc; path = FSAudioCapture.m; sourceTree = "<group>"; };
		B21489FC2840D8DB00446FD4 /* FSAudioConfig.h */ = {isa = PBXFileReference; fileEncoding = 4; lastKnownFileType = sourcecode.c.h; path = FSAudioConfig.h; sourceTree = "<group>"; };
		B43B142B74CD778284E7FC94 /* Pods-FSAVDemo.debug.xcconfig */ = {isa = PBXFileReference; includeInIndex = 1; lastKnownFileType = text.xcconfig; name = "Pods-FSAVDemo.debug.xcconfig"; path = "Target Support Files/Pods-FSAVDemo/Pods-FSAVDemo.debug.xcconfig"; sourceTree = "<group>"; };
		E14148EDECE7C824EACC7D64 /* Pods_FSAVDemo.framework */ = {isa = PBXFileReference; explicitFileType = wrapper.framework; includeInIndex = 0; path = Pods_FSAVDemo.framework; sourceTree = BUILT_PRODUCTS_DIR; };
		F813BB9C1E6A0785E829C839 /* Pods-FSAVDemo.release.xcconfig */ = {isa = PBXFileReference; includeInIndex = 1; lastKnownFileType = text.xcconfig; name = "Pods-FSAVDemo.release.xcconfig"; path = "Target Support Files/Pods-FSAVDemo/Pods-FSAVDemo.release.xcconfig"; sourceTree = "<group>"; };
/* End PBXFileReference section */

/* Begin PBXFrameworksBuildPhase section */
		B21489A62840BE4600446FD4 /* Frameworks */ = {
			isa = PBXFrameworksBuildPhase;
			buildActionMask = 2147483647;
			files = (
				2AB4F7F5E019AE83C6CB7D41 /* Pods_FSAVDemo.framework in Frameworks */,
			);
			runOnlyForDeploymentPostprocessing = 0;
		};
/* End PBXFrameworksBuildPhase section */

/* Begin PBXGroup section */
		59B8A9EA941BA8C315C7F4A5 /* Pods */ = {
			isa = PBXGroup;
			children = (
				B43B142B74CD778284E7FC94 /* Pods-FSAVDemo.debug.xcconfig */,
				F813BB9C1E6A0785E829C839 /* Pods-FSAVDemo.release.xcconfig */,
			);
			path = Pods;
			sourceTree = "<group>";
		};
		B21489A02840BE4600446FD4 = {
			isa = PBXGroup;
			children = (
				B21489AB2840BE4600446FD4 /* FSAVDemo */,
				B21489AA2840BE4600446FD4 /* Products */,
				59B8A9EA941BA8C315C7F4A5 /* Pods */,
				E10ECA1E5B0513F218284CF0 /* Frameworks */,
			);
			sourceTree = "<group>";
		};
		B21489AA2840BE4600446FD4 /* Products */ = {
			isa = PBXGroup;
			children = (
				B21489A92840BE4600446FD4 /* FSAVDemo.app */,
			);
			name = Products;
			sourceTree = "<group>";
		};
		B21489AB2840BE4600446FD4 /* FSAVDemo */ = {
			isa = PBXGroup;
			children = (
				B21489F82840D8DB00446FD4 /* Capture */,
				B21489ED2840D5D600446FD4 /* AudioDemo */,
				B21489AC2840BE4600446FD4 /* AppDelegate.h */,
				B21489AD2840BE4600446FD4 /* AppDelegate.m */,
				B21489AF2840BE4600446FD4 /* SceneDelegate.h */,
				B21489B02840BE4600446FD4 /* SceneDelegate.m */,
				B21489B22840BE4600446FD4 /* FSViewController.h */,
				B21489B32840BE4600446FD4 /* FSViewController.m */,
				B21489EA2840D2E400446FD4 /* FSNavigationController.h */,
				B21489EB2840D2E400446FD4 /* FSNavigationController.m */,
				B21489B52840BE4600446FD4 /* Main.storyboard */,
				B21489B82840BE4700446FD4 /* Assets.xcassets */,
				B21489BA2840BE4700446FD4 /* LaunchScreen.storyboard */,
				B21489BD2840BE4700446FD4 /* Info.plist */,
				B21489BE2840BE4700446FD4 /* main.m */,
			);
			path = FSAVDemo;
			sourceTree = "<group>";
		};
		B21489ED2840D5D600446FD4 /* AudioDemo */ = {
			isa = PBXGroup;
			children = (
				B21489EE2840D5F000446FD4 /* FSAudioCaptureVC.h */,
				B21489EF2840D5F000446FD4 /* FSAudioCaptureVC.m */,
			);
			path = AudioDemo;
			sourceTree = "<group>";
		};
		B21489F82840D8DB00446FD4 /* Capture */ = {
			isa = PBXGroup;
			children = (
				B21489F92840D8DB00446FD4 /* FSAudioCapture.h */,
				B21489FB2840D8DB00446FD4 /* FSAudioCapture.m */,
				B21489FC2840D8DB00446FD4 /* FSAudioConfig.h */,
				B21489FA2840D8DB00446FD4 /* FSAudioConfig.m */,
			);
			path = Capture;
			sourceTree = "<group>";
		};
		E10ECA1E5B0513F218284CF0 /* Frameworks */ = {
			isa = PBXGroup;
			children = (
				E14148EDECE7C824EACC7D64 /* Pods_FSAVDemo.framework */,
			);
			name = Frameworks;
			sourceTree = "<group>";
		};
/* End PBXGroup section */

/* Begin PBXNativeTarget section */
		B21489A82840BE4600446FD4 /* FSAVDemo */ = {
			isa = PBXNativeTarget;
			buildConfigurationList = B21489C22840BE4700446FD4 /* Build configuration list for PBXNativeTarget "FSAVDemo" */;
			buildPhases = (
				4C3001FFDC7259074DEF15BC /* [CP] Check Pods Manifest.lock */,
				B21489A52840BE4600446FD4 /* Sources */,
				B21489A62840BE4600446FD4 /* Frameworks */,
				B21489A72840BE4600446FD4 /* Resources */,
				F3202F9B3E0ED30E8FAA8CA4 /* [CP] Embed Pods Frameworks */,
			);
			buildRules = (
			);
			dependencies = (
			);
			name = FSAVDemo;
			productName = FSAVDemo;
			productReference = B21489A92840BE4600446FD4 /* FSAVDemo.app */;
			productType = "com.apple.product-type.application";
		};
/* End PBXNativeTarget section */

/* Begin PBXProject section */
		B21489A12840BE4600446FD4 /* Project object */ = {
			isa = PBXProject;
			attributes = {
				BuildIndependentTargetsInParallel = 1;
				LastUpgradeCheck = 1340;
				TargetAttributes = {
					B21489A82840BE4600446FD4 = {
						CreatedOnToolsVersion = 13.4;
					};
				};
			};
			buildConfigurationList = B21489A42840BE4600446FD4 /* Build configuration list for PBXProject "FSAVDemo" */;
			compatibilityVersion = "Xcode 13.0";
			developmentRegion = en;
			hasScannedForEncodings = 0;
			knownRegions = (
				en,
				Base,
			);
			mainGroup = B21489A02840BE4600446FD4;
			productRefGroup = B21489AA2840BE4600446FD4 /* Products */;
			projectDirPath = "";
			projectRoot = "";
			targets = (
				B21489A82840BE4600446FD4 /* FSAVDemo */,
			);
		};
/* End PBXProject section */

/* Begin PBXResourcesBuildPhase section */
		B21489A72840BE4600446FD4 /* Resources */ = {
			isa = PBXResourcesBuildPhase;
			buildActionMask = 2147483647;
			files = (
				B21489BC2840BE4700446FD4 /* LaunchScreen.storyboard in Resources */,
				B21489B92840BE4700446FD4 /* Assets.xcassets in Resources */,
				B21489B72840BE4600446FD4 /* Main.storyboard in Resources */,
			);
			runOnlyForDeploymentPostprocessing = 0;
		};
/* End PBXResourcesBuildPhase section */

/* Begin PBXShellScriptBuildPhase section */
		4C3001FFDC7259074DEF15BC /* [CP] Check Pods Manifest.lock */ = {
			isa = PBXShellScriptBuildPhase;
			buildActionMask = 2147483647;
			files = (
			);
			inputFileListPaths = (
			);
			inputPaths = (
				"${PODS_PODFILE_DIR_PATH}/Podfile.lock",
				"${PODS_ROOT}/Manifest.lock",
			);
			name = "[CP] Check Pods Manifest.lock";
			outputFileListPaths = (
			);
			outputPaths = (
				"$(DERIVED_FILE_DIR)/Pods-FSAVDemo-checkManifestLockResult.txt",
			);
			runOnlyForDeploymentPostprocessing = 0;
			shellPath = /bin/sh;
			shellScript = "diff \"${PODS_PODFILE_DIR_PATH}/Podfile.lock\" \"${PODS_ROOT}/Manifest.lock\" > /dev/null\nif [ $? != 0 ] ; then\n    # print error to STDERR\n    echo \"error: The sandbox is not in sync with the Podfile.lock. Run 'pod install' or update your CocoaPods installation.\" >&2\n    exit 1\nfi\n# This output is used by Xcode 'outputs' to avoid re-running this script phase.\necho \"SUCCESS\" > \"${SCRIPT_OUTPUT_FILE_0}\"\n";
			showEnvVarsInLog = 0;
		};
		F3202F9B3E0ED30E8FAA8CA4 /* [CP] Embed Pods Frameworks */ = {
			isa = PBXShellScriptBuildPhase;
			buildActionMask = 2147483647;
			files = (
			);
			inputFileListPaths = (
				"${PODS_ROOT}/Target Support Files/Pods-FSAVDemo/Pods-FSAVDemo-frameworks-${CONFIGURATION}-input-files.xcfilelist",
			);
			name = "[CP] Embed Pods Frameworks";
			outputFileListPaths = (
				"${PODS_ROOT}/Target Support Files/Pods-FSAVDemo/Pods-FSAVDemo-frameworks-${CONFIGURATION}-output-files.xcfilelist",
			);
			runOnlyForDeploymentPostprocessing = 0;
			shellPath = /bin/sh;
			shellScript = "\"${PODS_ROOT}/Target Support Files/Pods-FSAVDemo/Pods-FSAVDemo-frameworks.sh\"\n";
			showEnvVarsInLog = 0;
		};
/* End PBXShellScriptBuildPhase section */

/* Begin PBXSourcesBuildPhase section */
		B21489A52840BE4600446FD4 /* Sources */ = {
			isa = PBXSourcesBuildPhase;
			buildActionMask = 2147483647;
			files = (
				B21489B42840BE4600446FD4 /* FSViewController.m in Sources */,
				B21489F02840D5F000446FD4 /* FSAudioCaptureVC.m in Sources */,
				B21489FE2840D8DB00446FD4 /* FSAudioCapture.m in Sources */,
				B21489EC2840D2E400446FD4 /* FSNavigationController.m in Sources */,
				B21489FD2840D8DB00446FD4 /* FSAudioConfig.m in Sources */,
				B21489AE2840BE4600446FD4 /* AppDelegate.m in Sources */,
				B21489BF2840BE4700446FD4 /* main.m in Sources */,
				B21489B12840BE4600446FD4 /* SceneDelegate.m in Sources */,
			);
			runOnlyForDeploymentPostprocessing = 0;
		};
/* End PBXSourcesBuildPhase section */

/* Begin PBXVariantGroup section */
		B21489B52840BE4600446FD4 /* Main.storyboard */ = {
			isa = PBXVariantGroup;
			children = (
				B21489B62840BE4600446FD4 /* Base */,
			);
			name = Main.storyboard;
			sourceTree = "<group>";
		};
		B21489BA2840BE4700446FD4 /* LaunchScreen.storyboard */ = {
			isa = PBXVariantGroup;
			children = (
				B21489BB2840BE4700446FD4 /* Base */,
			);
			name = LaunchScreen.storyboard;
			sourceTree = "<group>";
		};
/* End PBXVariantGroup section */

/* Begin XCBuildConfiguration section */
		B21489C02840BE4700446FD4 /* Debug */ = {
			isa = XCBuildConfiguration;
			buildSettings = {
				ALWAYS_SEARCH_USER_PATHS = NO;
				CLANG_ANALYZER_NONNULL = YES;
				CLANG_ANALYZER_NUMBER_OBJECT_CONVERSION = YES_AGGRESSIVE;
				CLANG_CXX_LANGUAGE_STANDARD = "gnu++17";
				CLANG_ENABLE_MODULES = YES;
				CLANG_ENABLE_OBJC_ARC = YES;
				CLANG_ENABLE_OBJC_WEAK = YES;
				CLANG_WARN_BLOCK_CAPTURE_AUTORELEASING = YES;
				CLANG_WARN_BOOL_CONVERSION = YES;
				CLANG_WARN_COMMA = YES;
				CLANG_WARN_CONSTANT_CONVERSION = YES;
				CLANG_WARN_DEPRECATED_OBJC_IMPLEMENTATIONS = YES;
				CLANG_WARN_DIRECT_OBJC_ISA_USAGE = YES_ERROR;
				CLANG_WARN_DOCUMENTATION_COMMENTS = YES;
				CLANG_WARN_EMPTY_BODY = YES;
				CLANG_WARN_ENUM_CONVERSION = YES;
				CLANG_WARN_INFINITE_RECURSION = YES;
				CLANG_WARN_INT_CONVERSION = YES;
				CLANG_WARN_NON_LITERAL_NULL_CONVERSION = YES;
				CLANG_WARN_OBJC_IMPLICIT_RETAIN_SELF = YES;
				CLANG_WARN_OBJC_LITERAL_CONVERSION = YES;
				CLANG_WARN_OBJC_ROOT_CLASS = YES_ERROR;
				CLANG_WARN_QUOTED_INCLUDE_IN_FRAMEWORK_HEADER = YES;
				CLANG_WARN_RANGE_LOOP_ANALYSIS = YES;
				CLANG_WARN_STRICT_PROTOTYPES = YES;
				CLANG_WARN_SUSPICIOUS_MOVE = YES;
				CLANG_WARN_UNGUARDED_AVAILABILITY = YES_AGGRESSIVE;
				CLANG_WARN_UNREACHABLE_CODE = YES;
				CLANG_WARN__DUPLICATE_METHOD_MATCH = YES;
				COPY_PHASE_STRIP = NO;
				DEBUG_INFORMATION_FORMAT = dwarf;
				ENABLE_STRICT_OBJC_MSGSEND = YES;
				ENABLE_TESTABILITY = YES;
				GCC_C_LANGUAGE_STANDARD = gnu11;
				GCC_DYNAMIC_NO_PIC = NO;
				GCC_NO_COMMON_BLOCKS = YES;
				GCC_OPTIMIZATION_LEVEL = 0;
				GCC_PREPROCESSOR_DEFINITIONS = (
					"DEBUG=1",
					"$(inherited)",
				);
				GCC_WARN_64_TO_32_BIT_CONVERSION = YES;
				GCC_WARN_ABOUT_RETURN_TYPE = YES_ERROR;
				GCC_WARN_UNDECLARED_SELECTOR = YES;
				GCC_WARN_UNINITIALIZED_AUTOS = YES_AGGRESSIVE;
				GCC_WARN_UNUSED_FUNCTION = YES;
				GCC_WARN_UNUSED_VARIABLE = YES;
				IPHONEOS_DEPLOYMENT_TARGET = 13.0;
				MTL_ENABLE_DEBUG_INFO = INCLUDE_SOURCE;
				MTL_FAST_MATH = YES;
				ONLY_ACTIVE_ARCH = YES;
				SDKROOT = iphoneos;
			};
			name = Debug;
		};
		B21489C12840BE4700446FD4 /* Release */ = {
			isa = XCBuildConfiguration;
			buildSettings = {
				ALWAYS_SEARCH_USER_PATHS = NO;
				CLANG_ANALYZER_NONNULL = YES;
				CLANG_ANALYZER_NUMBER_OBJECT_CONVERSION = YES_AGGRESSIVE;
				CLANG_CXX_LANGUAGE_STANDARD = "gnu++17";
				CLANG_ENABLE_MODULES = YES;
				CLANG_ENABLE_OBJC_ARC = YES;
				CLANG_ENABLE_OBJC_WEAK = YES;
				CLANG_WARN_BLOCK_CAPTURE_AUTORELEASING = YES;
				CLANG_WARN_BOOL_CONVERSION = YES;
				CLANG_WARN_COMMA = YES;
				CLANG_WARN_CONSTANT_CONVERSION = YES;
				CLANG_WARN_DEPRECATED_OBJC_IMPLEMENTATIONS = YES;
				CLANG_WARN_DIRECT_OBJC_ISA_USAGE = YES_ERROR;
				CLANG_WARN_DOCUMENTATION_COMMENTS = YES;
				CLANG_WARN_EMPTY_BODY = YES;
				CLANG_WARN_ENUM_CONVERSION = YES;
				CLANG_WARN_INFINITE_RECURSION = YES;
				CLANG_WARN_INT_CONVERSION = YES;
				CLANG_WARN_NON_LITERAL_NULL_CONVERSION = YES;
				CLANG_WARN_OBJC_IMPLICIT_RETAIN_SELF = YES;
				CLANG_WARN_OBJC_LITERAL_CONVERSION = YES;
				CLANG_WARN_OBJC_ROOT_CLASS = YES_ERROR;
				CLANG_WARN_QUOTED_INCLUDE_IN_FRAMEWORK_HEADER = YES;
				CLANG_WARN_RANGE_LOOP_ANALYSIS = YES;
				CLANG_WARN_STRICT_PROTOTYPES = YES;
				CLANG_WARN_SUSPICIOUS_MOVE = YES;
				CLANG_WARN_UNGUARDED_AVAILABILITY = YES_AGGRESSIVE;
				CLANG_WARN_UNREACHABLE_CODE = YES;
				CLANG_WARN__DUPLICATE_METHOD_MATCH = YES;
				COPY_PHASE_STRIP = NO;
				DEBUG_INFORMATION_FORMAT = "dwarf-with-dsym";
				ENABLE_NS_ASSERTIONS = NO;
				ENABLE_STRICT_OBJC_MSGSEND = YES;
				GCC_C_LANGUAGE_STANDARD = gnu11;
				GCC_NO_COMMON_BLOCKS = YES;
				GCC_WARN_64_TO_32_BIT_CONVERSION = YES;
				GCC_WARN_ABOUT_RETURN_TYPE = YES_ERROR;
				GCC_WARN_UNDECLARED_SELECTOR = YES;
				GCC_WARN_UNINITIALIZED_AUTOS = YES_AGGRESSIVE;
				GCC_WARN_UNUSED_FUNCTION = YES;
				GCC_WARN_UNUSED_VARIABLE = YES;
				IPHONEOS_DEPLOYMENT_TARGET = 13.0;
				MTL_ENABLE_DEBUG_INFO = NO;
				MTL_FAST_MATH = YES;
				SDKROOT = iphoneos;
				VALIDATE_PRODUCT = YES;
			};
			name = Release;
		};
		B21489C32840BE4700446FD4 /* Debug */ = {
			isa = XCBuildConfiguration;
			baseConfigurationReference = B43B142B74CD778284E7FC94 /* Pods-FSAVDemo.debug.xcconfig */;
			buildSettings = {
				ASSETCATALOG_COMPILER_APPICON_NAME = AppIcon;
				ASSETCATALOG_COMPILER_GLOBAL_ACCENT_COLOR_NAME = AccentColor;
				CODE_SIGN_STYLE = Automatic;
				CURRENT_PROJECT_VERSION = 1;
				DEVELOPMENT_TEAM = J9QNPWJA7V;
				GENERATE_INFOPLIST_FILE = YES;
				INFOPLIST_FILE = FSAVDemo/Info.plist;
				INFOPLIST_KEY_UIApplicationSupportsIndirectInputEvents = YES;
				INFOPLIST_KEY_UILaunchStoryboardName = LaunchScreen;
				INFOPLIST_KEY_UIMainStoryboardFile = Main;
				INFOPLIST_KEY_UISupportedInterfaceOrientations_iPad = "UIInterfaceOrientationPortrait UIInterfaceOrientationPortraitUpsideDown UIInterfaceOrientationLandscapeLeft UIInterfaceOrientationLandscapeRight";
				INFOPLIST_KEY_UISupportedInterfaceOrientations_iPhone = "UIInterfaceOrientationPortrait UIInterfaceOrientationLandscapeLeft UIInterfaceOrientationLandscapeRight";
				LD_RUNPATH_SEARCH_PATHS = (
					"$(inherited)",
					"@executable_path/Frameworks",
				);
				MARKETING_VERSION = 1.0;
				PRODUCT_BUNDLE_IDENTIFIER = com.fengshuo.FSAVDemo;
				PRODUCT_NAME = "$(TARGET_NAME)";
				SWIFT_EMIT_LOC_STRINGS = YES;
				TARGETED_DEVICE_FAMILY = "1,2";
			};
			name = Debug;
		};
		B21489C42840BE4700446FD4 /* Release */ = {
			isa = XCBuildConfiguration;
			baseConfigurationReference = F813BB9C1E6A0785E829C839 /* Pods-FSAVDemo.release.xcconfig */;
			buildSettings = {
				ASSETCATALOG_COMPILER_APPICON_NAME = AppIcon;
				ASSETCATALOG_COMPILER_GLOBAL_ACCENT_COLOR_NAME = AccentColor;
				CODE_SIGN_STYLE = Automatic;
				CURRENT_PROJECT_VERSION = 1;
				DEVELOPMENT_TEAM = J9QNPWJA7V;
				GENERATE_INFOPLIST_FILE = YES;
				INFOPLIST_FILE = FSAVDemo/Info.plist;
				INFOPLIST_KEY_UIApplicationSupportsIndirectInputEvents = YES;
				INFOPLIST_KEY_UILaunchStoryboardName = LaunchScreen;
				INFOPLIST_KEY_UIMainStoryboardFile = Main;
				INFOPLIST_KEY_UISupportedInterfaceOrientations_iPad = "UIInterfaceOrientationPortrait UIInterfaceOrientationPortraitUpsideDown UIInterfaceOrientationLandscapeLeft UIInterfaceOrientationLandscapeRight";
				INFOPLIST_KEY_UISupportedInterfaceOrientations_iPhone = "UIInterfaceOrientationPortrait UIInterfaceOrientationLandscapeLeft UIInterfaceOrientationLandscapeRight";
				LD_RUNPATH_SEARCH_PATHS = (
					"$(inherited)",
					"@executable_path/Frameworks",
				);
				MARKETING_VERSION = 1.0;
				PRODUCT_BUNDLE_IDENTIFIER = com.fengshuo.FSAVDemo;
				PRODUCT_NAME = "$(TARGET_NAME)";
				SWIFT_EMIT_LOC_STRINGS = YES;
				TARGETED_DEVICE_FAMILY = "1,2";
			};
			name = Release;
		};
/* End XCBuildConfiguration section */

/* Begin XCConfigurationList section */
		B21489A42840BE4600446FD4 /* Build configuration list for PBXProject "FSAVDemo" */ = {
			isa = XCConfigurationList;
			buildConfigurations = (
				B21489C02840BE4700446FD4 /* Debug */,
				B21489C12840BE4700446FD4 /* Release */,
			);
			defaultConfigurationIsVisible = 0;
			defaultConfigurationName = Release;
		};
		B21489C22840BE4700446FD4 /* Build configuration list for PBXNativeTarget "FSAVDemo" */ = {
			isa = XCConfigurationList;
			buildConfigurations = (
				B21489C32840BE4700446FD4 /* Debug */,
				B21489C42840BE4700446FD4 /* Release */,
			);
			defaultConfigurationIsVisible = 0;
			defaultConfigurationName = Release;
		};
/* End XCConfigurationList section */
	};
	rootObject = B21489A12840BE4600446FD4 /* Project object */;
}
